
Microsoft Visual Studio Solution File, Format Version 12.00
# Visual Studio 15
Project("{FAE04EC0-301F-11D3-BF4B-00C04F79EFBC}") = "UnityEngine.TestRunner", "UnityEngine.TestRunner.csproj", "{297FC333-EDD9-D313-449E-55B5973CDFDF}"
EndProject
Project("{FAE04EC0-301F-11D3-BF4B-00C04F79EFBC}") = "UnityEngine.UI", "UnityEngine.UI.csproj", "{BA32FC38-6CF2-A92E-7441-05987BBEE6AB}"
EndProject
Project("{FAE04EC0-301F-11D3-BF4B-00C04F79EFBC}") = "Unity.Mathematics", "Unity.Mathematics.csproj", "{A3F4D3FC-827E-2118-6CFB-24B7676F7430}"
EndProject
Project("{FAE04EC0-301F-11D3-BF4B-00C04F79EFBC}") = "Unity.TextMeshPro", "Unity.TextMeshPro.csproj", "{7FE5EF93-19B4-07B5-4E90-3A8246F6A0CA}"
EndProject
Project("{FAE04EC0-301F-11D3-BF4B-00C04F79EFBC}") = "Unity.Burst", "Unity.Burst.csproj", "{8D41826D-B18B-C26C-5931-319FB43346E0}"
EndProject
Project("{FAE04EC0-301F-11D3-BF4B-00C04F79EFBC}") = "Unity.2D.Animation.Runtime", "Unity.2D.Animation.Runtime.csproj", "{50F46D37-16F2-CE25-0959-992807947161}"
EndProject
Project("{FAE04EC0-301F-11D3-BF4B-00C04F79EFBC}") = "Unity.2D.Tilemap.Extras", "Unity.2D.Tilemap.Extras.csproj", "{CFF7C878-4B2D-5051-A8FE-E18B11936307}"
EndProject
Project("{FAE04EC0-301F-11D3-BF4B-00C04F79EFBC}") = "Unity.2D.IK.Runtime", "Unity.2D.IK.Runtime.csproj", "{C14795B8-2402-BF71-1668-E86471AF91DB}"
EndProject
Project("{FAE04EC0-301F-11D3-BF4B-00C04F79EFBC}") = "Unity.2D.SpriteShape.Runtime", "Unity.2D.SpriteShape.Runtime.csproj", "{F75D8A90-0653-44FB-7C90-F2B629AD8875}"
EndProject
Project("{FAE04EC0-301F-11D3-BF4B-00C04F79EFBC}") = "Unity.2D.Common.Runtime", "Unity.2D.Common.Runtime.csproj", "{69177DBD-4D97-295B-E2F2-E8D13ED6E068}"
EndProject
Project("{FAE04EC0-301F-11D3-BF4B-00C04F79EFBC}") = "Unity.2D.PixelPerfect", "Unity.2D.PixelPerfect.csproj", "{9D9A0547-90D8-1808-54A4-8DFE6448B626}"
EndProject
Project("{FAE04EC0-301F-11D3-BF4B-00C04F79EFBC}") = "Assembly-CSharp", "Assembly-CSharp.csproj", "{CE53C057-281D-8DC3-B7D6-A4F3CB8A90B8}"
EndProject
Project("{FAE04EC0-301F-11D3-BF4B-00C04F79EFBC}") = "Unity.InternalAPIEngineBridge.001", "Unity.InternalAPIEngineBridge.001.csproj", "{5EAC0B7C-9B01-A40C-0541-5DBAD491A54B}"
EndProject
Project("{FAE04EC0-301F-11D3-BF4B-00C04F79EFBC}") = "UnityEditor.TestRunner", "UnityEditor.TestRunner.csproj", "{8A324C28-1383-A924-695D-B194BD0DEDDD}"
EndProject
Project("{FAE04EC0-301F-11D3-BF4B-00C04F79EFBC}") = "Unity.2D.Psdimporter.Editor", "Unity.2D.Psdimporter.Editor.csproj", "{8B00C3B1-4DC4-6CAD-B908-25AE76F0503B}"
EndProject
Project("{FAE04EC0-301F-11D3-BF4B-00C04F79EFBC}") = "UnityEditor.UI", "UnityEditor.UI.csproj", "{25448F97-6AE2-73EE-2FAB-73D9E2CA86B8}"
EndProject
Project("{FAE04EC0-301F-11D3-BF4B-00C04F79EFBC}") = "Unity.VisualStudio.Editor", "Unity.VisualStudio.Editor.csproj", "{7D42CB3A-CA6F-E0A6-F740-EADFEBEACD62}"
EndProject
Project("{FAE04EC0-301F-11D3-BF4B-00C04F79EFBC}") = "Unity.2D.Animation.Editor", "Unity.2D.Animation.Editor.csproj", "{B919A1D3-CBE7-701D-0181-71497FFB24C2}"
EndProject
Project("{FAE04EC0-301F-11D3-BF4B-00C04F79EFBC}") = "Unity.TextMeshPro.Editor", "Unity.TextMeshPro.Editor.csproj", "{1C804BF4-131A-AB8F-8974-731589608A1B}"
EndProject
Project("{FAE04EC0-301F-11D3-BF4B-00C04F79EFBC}") = "Unity.2D.SpriteShape.Editor", "Unity.2D.SpriteShape.Editor.csproj", "{6B87214D-1D98-FDCB-356E-48E7D055D25A}"
EndProject
Project("{FAE04EC0-301F-11D3-BF4B-00C04F79EFBC}") = "Unity.2D.PixelPerfect.Editor", "Unity.2D.PixelPerfect.Editor.csproj", "{0E09BE44-805F-EC52-9890-A7D27A354BC6}"
EndProject
Project("{FAE04EC0-301F-11D3-BF4B-00C04F79EFBC}") = "PsdPlugin", "PsdPlugin.csproj", "{1498F21C-31A4-1FC9-94F4-6645AAFD9654}"
EndProject
Project("{FAE04EC0-301F-11D3-BF4B-00C04F79EFBC}") = "Unity.2D.Tilemap.Editor", "Unity.2D.Tilemap.Editor.csproj", "{A307D8CF-9A83-514F-9D3B-1FCC1902BAB8}"
EndProject
Project("{FAE04EC0-301F-11D3-BF4B-00C04F79EFBC}") = "Unity.2D.Path.Editor", "Unity.2D.Path.Editor.csproj", "{4B46203F-7B10-EC76-1DCB-A51DEA9837F5}"
EndProject
Project("{FAE04EC0-301F-11D3-BF4B-00C04F79EFBC}") = "Unity.2D.Sprite.Editor", "Unity.2D.Sprite.Editor.csproj", "{95A3B2F9-450C-CAEE-3512-A2FEAA422D00}"
EndProject
Project("{FAE04EC0-301F-11D3-BF4B-00C04F79EFBC}") = "Unity.2D.IK.Editor", "Unity.2D.IK.Editor.csproj", "{32ADD8D9-840A-3036-9EE3-D6DC146E4A55}"
EndProject
Project("{FAE04EC0-301F-11D3-BF4B-00C04F79EFBC}") = "Unity.Burst.Editor", "Unity.Burst.Editor.csproj", "{77490909-B1AF-1F8D-3D72-F4E34A9E3224}"
EndProject
Project("{FAE04EC0-301F-11D3-BF4B-00C04F79EFBC}") = "Unity.Burst.CodeGen", "Unity.Burst.CodeGen.csproj", "{30DB44F6-B958-7171-D0CA-BBD39BA89728}"
EndProject
Project("{FAE04EC0-301F-11D3-BF4B-00C04F79EFBC}") = "Unity.2D.Tilemap.Extras.Editor", "Unity.2D.Tilemap.Extras.Editor.csproj", "{7810E692-FCC5-8EDE-B5A5-8D9F2A5A0A5F}"
EndProject
Project("{FAE04EC0-301F-11D3-BF4B-00C04F79EFBC}") = "Unity.VSCode.Editor", "Unity.VSCode.Editor.csproj", "{53CAD755-D691-BB49-152E-D590E2CD5620}"
EndProject
Project("{FAE04EC0-301F-11D3-BF4B-00C04F79EFBC}") = "Unity.2D.Common.Editor", "Unity.2D.Common.Editor.csproj", "{BDD377C7-BBAF-1E4A-4358-61AFF66C734E}"
EndProject
Project("{FAE04EC0-301F-11D3-BF4B-00C04F79EFBC}") = "Unity.Mathematics.Editor", "Unity.Mathematics.Editor.csproj", "{E94BD98B-74C3-9CC0-578D-88678B772CBB}"
EndProject
Project("{FAE04EC0-301F-11D3-BF4B-00C04F79EFBC}") = "Unity.InternalAPIEditorBridge.001", "Unity.InternalAPIEditorBridge.001.csproj", "{AF9AD49D-EA56-ECC2-BD99-847D672C1EEF}"
EndProject
Project("{FAE04EC0-301F-11D3-BF4B-00C04F79EFBC}") = "UnityEngine.TestRunner", "UnityEngine.TestRunner.Player.csproj", "{4A7C42EE-E48B-9B7D-99CE-82D5221C0990}"
EndProject
Project("{FAE04EC0-301F-11D3-BF4B-00C04F79EFBC}") = "UnityEngine.UI", "UnityEngine.UI.Player.csproj", "{04C7F7AC-43AA-2158-1D03-F50DAF4F8E10}"
EndProject
Project("{FAE04EC0-301F-11D3-BF4B-00C04F79EFBC}") = "Unity.Mathematics", "Unity.Mathematics.Player.csproj", "{6E4BFAAE-CBF9-C23C-E16C-900B86FE07F7}"
EndProject
Project("{FAE04EC0-301F-11D3-BF4B-00C04F79EFBC}") = "Unity.TextMeshPro", "Unity.TextMeshPro.Player.csproj", "{1930ED3B-936D-11DA-B827-6BB89DF0716A}"
EndProject
Project("{FAE04EC0-301F-11D3-BF4B-00C04F79EFBC}") = "Unity.Burst", "Unity.Burst.Player.csproj", "{D2A3867E-C985-7FD3-158A-4495F21C2FE9}"
EndProject
Project("{FAE04EC0-301F-11D3-BF4B-00C04F79EFBC}") = "Unity.2D.Animation.Runtime", "Unity.2D.Animation.Runtime.Player.csproj", "{C788B57E-6094-1178-C68A-74DA2C29A38F}"
EndProject
Project("{FAE04EC0-301F-11D3-BF4B-00C04F79EFBC}") = "Unity.2D.Tilemap.Extras", "Unity.2D.Tilemap.Extras.Player.csproj", "{AA5C492D-118A-3750-574A-05EF14E7F67B}"
EndProject
Project("{FAE04EC0-301F-11D3-BF4B-00C04F79EFBC}") = "Unity.2D.IK.Runtime", "Unity.2D.IK.Runtime.Player.csproj", "{2BB6B51A-28CF-2CA2-6650-FBF8C6FFCD90}"
EndProject
Project("{FAE04EC0-301F-11D3-BF4B-00C04F79EFBC}") = "Unity.2D.SpriteShape.Runtime", "Unity.2D.SpriteShape.Runtime.Player.csproj", "{0AB9EB53-FFCD-4D02-011B-2158200E2F20}"
EndProject
Project("{FAE04EC0-301F-11D3-BF4B-00C04F79EFBC}") = "Unity.2D.Common.Runtime", "Unity.2D.Common.Runtime.Player.csproj", "{6AAEB743-76B8-BC3F-D1F9-1E7367178D5E}"
EndProject
Project("{FAE04EC0-301F-11D3-BF4B-00C04F79EFBC}") = "Unity.2D.PixelPerfect", "Unity.2D.PixelPerfect.Player.csproj", "{803BD7A8-ED5C-1F02-B259-F9657206049F}"
EndProject
Project("{FAE04EC0-301F-11D3-BF4B-00C04F79EFBC}") = "Assembly-CSharp", "Assembly-CSharp.Player.csproj", "{C419894D-5B45-9A59-968F-A07595E6937F}"
EndProject
Project("{FAE04EC0-301F-11D3-BF4B-00C04F79EFBC}") = "Unity.InternalAPIEngineBridge.001", "Unity.InternalAPIEngineBridge.001.Player.csproj", "{23FD9EA9-CEE2-A3B5-1537-003ABE67EBC6}"
EndProject
Global
	GlobalSection(SolutionConfigurationPlatforms) = preSolution
		Debug|Any CPU = Debug|Any CPU
		Release|Any CPU = Release|Any CPU
	EndGlobalSection
	GlobalSection(ProjectConfigurationPlatforms) = postSolution
		{297FC333-EDD9-D313-449E-55B5973CDFDF}.Debug|Any CPU.ActiveCfg = Debug|Any CPU
		{297FC333-EDD9-D313-449E-55B5973CDFDF}.Debug|Any CPU.Build.0 = Debug|Any CPU
		{297FC333-EDD9-D313-449E-55B5973CDFDF}.Release|Any CPU.ActiveCfg = Release|Any CPU
		{297FC333-EDD9-D313-449E-55B5973CDFDF}.Release|Any CPU.Build.0 = Release|Any CPU
		{BA32FC38-6CF2-A92E-7441-05987BBEE6AB}.Debug|Any CPU.ActiveCfg = Debug|Any CPU
		{BA32FC38-6CF2-A92E-7441-05987BBEE6AB}.Debug|Any CPU.Build.0 = Debug|Any CPU
		{BA32FC38-6CF2-A92E-7441-05987BBEE6AB}.Release|Any CPU.ActiveCfg = Release|Any CPU
		{BA32FC38-6CF2-A92E-7441-05987BBEE6AB}.Release|Any CPU.Build.0 = Release|Any CPU
		{A3F4D3FC-827E-2118-6CFB-24B7676F7430}.Debug|Any CPU.ActiveCfg = Debug|Any CPU
		{A3F4D3FC-827E-2118-6CFB-24B7676F7430}.Debug|Any CPU.Build.0 = Debug|Any CPU
		{A3F4D3FC-827E-2118-6CFB-24B7676F7430}.Release|Any CPU.ActiveCfg = Release|Any CPU
		{A3F4D3FC-827E-2118-6CFB-24B7676F7430}.Release|Any CPU.Build.0 = Release|Any CPU
		{7FE5EF93-19B4-07B5-4E90-3A8246F6A0CA}.Debug|Any CPU.ActiveCfg = Debug|Any CPU
		{7FE5EF93-19B4-07B5-4E90-3A8246F6A0CA}.Debug|Any CPU.Build.0 = Debug|Any CPU
		{7FE5EF93-19B4-07B5-4E90-3A8246F6A0CA}.Release|Any CPU.ActiveCfg = Release|Any CPU
		{7FE5EF93-19B4-07B5-4E90-3A8246F6A0CA}.Release|Any CPU.Build.0 = Release|Any CPU
		{8D41826D-B18B-C26C-5931-319FB43346E0}.Debug|Any CPU.ActiveCfg = Debug|Any CPU
		{8D41826D-B18B-C26C-5931-319FB43346E0}.Debug|Any CPU.Build.0 = Debug|Any CPU
		{8D41826D-B18B-C26C-5931-319FB43346E0}.Release|Any CPU.ActiveCfg = Release|Any CPU
		{8D41826D-B18B-C26C-5931-319FB43346E0}.Release|Any CPU.Build.0 = Release|Any CPU
		{50F46D37-16F2-CE25-0959-992807947161}.Debug|Any CPU.ActiveCfg = Debug|Any CPU
		{50F46D37-16F2-CE25-0959-992807947161}.Debug|Any CPU.Build.0 = Debug|Any CPU
		{50F46D37-16F2-CE25-0959-992807947161}.Release|Any CPU.ActiveCfg = Release|Any CPU
		{50F46D37-16F2-CE25-0959-992807947161}.Release|Any CPU.Build.0 = Release|Any CPU
		{CFF7C878-4B2D-5051-A8FE-E18B11936307}.Debug|Any CPU.ActiveCfg = Debug|Any CPU
		{CFF7C878-4B2D-5051-A8FE-E18B11936307}.Debug|Any CPU.Build.0 = Debug|Any CPU
		{CFF7C878-4B2D-5051-A8FE-E18B11936307}.Release|Any CPU.ActiveCfg = Release|Any CPU
		{CFF7C878-4B2D-5051-A8FE-E18B11936307}.Release|Any CPU.Build.0 = Release|Any CPU
		{C14795B8-2402-BF71-1668-E86471AF91DB}.Debug|Any CPU.ActiveCfg = Debug|Any CPU
		{C14795B8-2402-BF71-1668-E86471AF91DB}.Debug|Any CPU.Build.0 = Debug|Any CPU
		{C14795B8-2402-BF71-1668-E86471AF91DB}.Release|Any CPU.ActiveCfg = Release|Any CPU
		{C14795B8-2402-BF71-1668-E86471AF91DB}.Release|Any CPU.Build.0 = Release|Any CPU
		{F75D8A90-0653-44FB-7C90-F2B629AD8875}.Debug|Any CPU.ActiveCfg = Debug|Any CPU
		{F75D8A90-0653-44FB-7C90-F2B629AD8875}.Debug|Any CPU.Build.0 = Debug|Any CPU
		{F75D8A90-0653-44FB-7C90-F2B629AD8875}.Release|Any CPU.ActiveCfg = Release|Any CPU
		{F75D8A90-0653-44FB-7C90-F2B629AD8875}.Release|Any CPU.Build.0 = Release|Any CPU
		{69177DBD-4D97-295B-E2F2-E8D13ED6E068}.Debug|Any CPU.ActiveCfg = Debug|Any CPU
		{69177DBD-4D97-295B-E2F2-E8D13ED6E068}.Debug|Any CPU.Build.0 = Debug|Any CPU
		{69177DBD-4D97-295B-E2F2-E8D13ED6E068}.Release|Any CPU.ActiveCfg = Release|Any CPU
		{69177DBD-4D97-295B-E2F2-E8D13ED6E068}.Release|Any CPU.Build.0 = Release|Any CPU
		{9D9A0547-90D8-1808-54A4-8DFE6448B626}.Debug|Any CPU.ActiveCfg = Debug|Any CPU
		{9D9A0547-90D8-1808-54A4-8DFE6448B626}.Debug|Any CPU.Build.0 = Debug|Any CPU
		{9D9A0547-90D8-1808-54A4-8DFE6448B626}.Release|Any CPU.ActiveCfg = Release|Any CPU
		{9D9A0547-90D8-1808-54A4-8DFE6448B626}.Release|Any CPU.Build.0 = Release|Any CPU
		{CE53C057-281D-8DC3-B7D6-A4F3CB8A90B8}.Debug|Any CPU.ActiveCfg = Debug|Any CPU
		{CE53C057-281D-8DC3-B7D6-A4F3CB8A90B8}.Debug|Any CPU.Build.0 = Debug|Any CPU
		{CE53C057-281D-8DC3-B7D6-A4F3CB8A90B8}.Release|Any CPU.ActiveCfg = Release|Any CPU
		{CE53C057-281D-8DC3-B7D6-A4F3CB8A90B8}.Release|Any CPU.Build.0 = Release|Any CPU
		{5EAC0B7C-9B01-A40C-0541-5DBAD491A54B}.Debug|Any CPU.ActiveCfg = Debug|Any CPU
		{5EAC0B7C-9B01-A40C-0541-5DBAD491A54B}.Debug|Any CPU.Build.0 = Debug|Any CPU
		{5EAC0B7C-9B01-A40C-0541-5DBAD491A54B}.Release|Any CPU.ActiveCfg = Release|Any CPU
		{5EAC0B7C-9B01-A40C-0541-5DBAD491A54B}.Release|Any CPU.Build.0 = Release|Any CPU
		{8A324C28-1383-A924-695D-B194BD0DEDDD}.Debug|Any CPU.ActiveCfg = Debug|Any CPU
		{8A324C28-1383-A924-695D-B194BD0DEDDD}.Debug|Any CPU.Build.0 = Debug|Any CPU
		{8A324C28-1383-A924-695D-B194BD0DEDDD}.Release|Any CPU.ActiveCfg = Release|Any CPU
		{8A324C28-1383-A924-695D-B194BD0DEDDD}.Release|Any CPU.Build.0 = Release|Any CPU
		{8B00C3B1-4DC4-6CAD-B908-25AE76F0503B}.Debug|Any CPU.ActiveCfg = Debug|Any CPU
		{8B00C3B1-4DC4-6CAD-B908-25AE76F0503B}.Debug|Any CPU.Build.0 = Debug|Any CPU
		{8B00C3B1-4DC4-6CAD-B908-25AE76F0503B}.Release|Any CPU.ActiveCfg = Release|Any CPU
		{8B00C3B1-4DC4-6CAD-B908-25AE76F0503B}.Release|Any CPU.Build.0 = Release|Any CPU
		{25448F97-6AE2-73EE-2FAB-73D9E2CA86B8}.Debug|Any CPU.ActiveCfg = Debug|Any CPU
		{25448F97-6AE2-73EE-2FAB-73D9E2CA86B8}.Debug|Any CPU.Build.0 = Debug|Any CPU
		{25448F97-6AE2-73EE-2FAB-73D9E2CA86B8}.Release|Any CPU.ActiveCfg = Release|Any CPU
		{25448F97-6AE2-73EE-2FAB-73D9E2CA86B8}.Release|Any CPU.Build.0 = Release|Any CPU
		{7D42CB3A-CA6F-E0A6-F740-EADFEBEACD62}.Debug|Any CPU.ActiveCfg = Debug|Any CPU
		{7D42CB3A-CA6F-E0A6-F740-EADFEBEACD62}.Debug|Any CPU.Build.0 = Debug|Any CPU
		{7D42CB3A-CA6F-E0A6-F740-EADFEBEACD62}.Release|Any CPU.ActiveCfg = Release|Any CPU
		{7D42CB3A-CA6F-E0A6-F740-EADFEBEACD62}.Release|Any CPU.Build.0 = Release|Any CPU
		{B919A1D3-CBE7-701D-0181-71497FFB24C2}.Debug|Any CPU.ActiveCfg = Debug|Any CPU
		{B919A1D3-CBE7-701D-0181-71497FFB24C2}.Debug|Any CPU.Build.0 = Debug|Any CPU
		{B919A1D3-CBE7-701D-0181-71497FFB24C2}.Release|Any CPU.ActiveCfg = Release|Any CPU
		{B919A1D3-CBE7-701D-0181-71497FFB24C2}.Release|Any CPU.Build.0 = Release|Any CPU
		{1C804BF4-131A-AB8F-8974-731589608A1B}.Debug|Any CPU.ActiveCfg = Debug|Any CPU
		{1C804BF4-131A-AB8F-8974-731589608A1B}.Debug|Any CPU.Build.0 = Debug|Any CPU
		{1C804BF4-131A-AB8F-8974-731589608A1B}.Release|Any CPU.ActiveCfg = Release|Any CPU
		{1C804BF4-131A-AB8F-8974-731589608A1B}.Release|Any CPU.Build.0 = Release|Any CPU
		{6B87214D-1D98-FDCB-356E-48E7D055D25A}.Debug|Any CPU.ActiveCfg = Debug|Any CPU
		{6B87214D-1D98-FDCB-356E-48E7D055D25A}.Debug|Any CPU.Build.0 = Debug|Any CPU
		{6B87214D-1D98-FDCB-356E-48E7D055D25A}.Release|Any CPU.ActiveCfg = Release|Any CPU
		{6B87214D-1D98-FDCB-356E-48E7D055D25A}.Release|Any CPU.Build.0 = Release|Any CPU
		{0E09BE44-805F-EC52-9890-A7D27A354BC6}.Debug|Any CPU.ActiveCfg = Debug|Any CPU
		{0E09BE44-805F-EC52-9890-A7D27A354BC6}.Debug|Any CPU.Build.0 = Debug|Any CPU
		{0E09BE44-805F-EC52-9890-A7D27A354BC6}.Release|Any CPU.ActiveCfg = Release|Any CPU
		{0E09BE44-805F-EC52-9890-A7D27A354BC6}.Release|Any CPU.Build.0 = Release|Any CPU
		{1498F21C-31A4-1FC9-94F4-6645AAFD9654}.Debug|Any CPU.ActiveCfg = Debug|Any CPU
		{1498F21C-31A4-1FC9-94F4-6645AAFD9654}.Debug|Any CPU.Build.0 = Debug|Any CPU
		{1498F21C-31A4-1FC9-94F4-6645AAFD9654}.Release|Any CPU.ActiveCfg = Release|Any CPU
		{1498F21C-31A4-1FC9-94F4-6645AAFD9654}.Release|Any CPU.Build.0 = Release|Any CPU
		{A307D8CF-9A83-514F-9D3B-1FCC1902BAB8}.Debug|Any CPU.ActiveCfg = Debug|Any CPU
		{A307D8CF-9A83-514F-9D3B-1FCC1902BAB8}.Debug|Any CPU.Build.0 = Debug|Any CPU
		{A307D8CF-9A83-514F-9D3B-1FCC1902BAB8}.Release|Any CPU.ActiveCfg = Release|Any CPU
		{A307D8CF-9A83-514F-9D3B-1FCC1902BAB8}.Release|Any CPU.Build.0 = Release|Any CPU
		{4B46203F-7B10-EC76-1DCB-A51DEA9837F5}.Debug|Any CPU.ActiveCfg = Debug|Any CPU
		{4B46203F-7B10-EC76-1DCB-A51DEA9837F5}.Debug|Any CPU.Build.0 = Debug|Any CPU
		{4B46203F-7B10-EC76-1DCB-A51DEA9837F5}.Release|Any CPU.ActiveCfg = Release|Any CPU
		{4B46203F-7B10-EC76-1DCB-A51DEA9837F5}.Release|Any CPU.Build.0 = Release|Any CPU
		{95A3B2F9-450C-CAEE-3512-A2FEAA422D00}.Debug|Any CPU.ActiveCfg = Debug|Any CPU
		{95A3B2F9-450C-CAEE-3512-A2FEAA422D00}.Debug|Any CPU.Build.0 = Debug|Any CPU
		{95A3B2F9-450C-CAEE-3512-A2FEAA422D00}.Release|Any CPU.ActiveCfg = Release|Any CPU
		{95A3B2F9-450C-CAEE-3512-A2FEAA422D00}.Release|Any CPU.Build.0 = Release|Any CPU
		{32ADD8D9-840A-3036-9EE3-D6DC146E4A55}.Debug|Any CPU.ActiveCfg = Debug|Any CPU
		{32ADD8D9-840A-3036-9EE3-D6DC146E4A55}.Debug|Any CPU.Build.0 = Debug|Any CPU
		{32ADD8D9-840A-3036-9EE3-D6DC146E4A55}.Release|Any CPU.ActiveCfg = Release|Any CPU
		{32ADD8D9-840A-3036-9EE3-D6DC146E4A55}.Release|Any CPU.Build.0 = Release|Any CPU
		{77490909-B1AF-1F8D-3D72-F4E34A9E3224}.Debug|Any CPU.ActiveCfg = Debug|Any CPU
		{77490909-B1AF-1F8D-3D72-F4E34A9E3224}.Debug|Any CPU.Build.0 = Debug|Any CPU
		{77490909-B1AF-1F8D-3D72-F4E34A9E3224}.Release|Any CPU.ActiveCfg = Release|Any CPU
		{77490909-B1AF-1F8D-3D72-F4E34A9E3224}.Release|Any CPU.Build.0 = Release|Any CPU
		{30DB44F6-B958-7171-D0CA-BBD39BA89728}.Debug|Any CPU.ActiveCfg = Debug|Any CPU
		{30DB44F6-B958-7171-D0CA-BBD39BA89728}.Debug|Any CPU.Build.0 = Debug|Any CPU
		{30DB44F6-B958-7171-D0CA-BBD39BA89728}.Release|Any CPU.ActiveCfg = Release|Any CPU
		{30DB44F6-B958-7171-D0CA-BBD39BA89728}.Release|Any CPU.Build.0 = Release|Any CPU
		{7810E692-FCC5-8EDE-B5A5-8D9F2A5A0A5F}.Debug|Any CPU.ActiveCfg = Debug|Any CPU
		{7810E692-FCC5-8EDE-B5A5-8D9F2A5A0A5F}.Debug|Any CPU.Build.0 = Debug|Any CPU
		{7810E692-FCC5-8EDE-B5A5-8D9F2A5A0A5F}.Release|Any CPU.ActiveCfg = Release|Any CPU
		{7810E692-FCC5-8EDE-B5A5-8D9F2A5A0A5F}.Release|Any CPU.Build.0 = Release|Any CPU
		{53CAD755-D691-BB49-152E-D590E2CD5620}.Debug|Any CPU.ActiveCfg = Debug|Any CPU
		{53CAD755-D691-BB49-152E-D590E2CD5620}.Debug|Any CPU.Build.0 = Debug|Any CPU
		{53CAD755-D691-BB49-152E-D590E2CD5620}.Release|Any CPU.ActiveCfg = Release|Any CPU
		{53CAD755-D691-BB49-152E-D590E2CD5620}.Release|Any CPU.Build.0 = Release|Any CPU
		{BDD377C7-BBAF-1E4A-4358-61AFF66C734E}.Debug|Any CPU.ActiveCfg = Debug|Any CPU
		{BDD377C7-BBAF-1E4A-4358-61AFF66C734E}.Debug|Any CPU.Build.0 = Debug|Any CPU
		{BDD377C7-BBAF-1E4A-4358-61AFF66C734E}.Release|Any CPU.ActiveCfg = Release|Any CPU
		{BDD377C7-BBAF-1E4A-4358-61AFF66C734E}.Release|Any CPU.Build.0 = Release|Any CPU
		{E94BD98B-74C3-9CC0-578D-88678B772CBB}.Debug|Any CPU.ActiveCfg = Debug|Any CPU
		{E94BD98B-74C3-9CC0-578D-88678B772CBB}.Debug|Any CPU.Build.0 = Debug|Any CPU
		{E94BD98B-74C3-9CC0-578D-88678B772CBB}.Release|Any CPU.ActiveCfg = Release|Any CPU
		{E94BD98B-74C3-9CC0-578D-88678B772CBB}.Release|Any CPU.Build.0 = Release|Any CPU
		{AF9AD49D-EA56-ECC2-BD99-847D672C1EEF}.Debug|Any CPU.ActiveCfg = Debug|Any CPU
		{AF9AD49D-EA56-ECC2-BD99-847D672C1EEF}.Debug|Any CPU.Build.0 = Debug|Any CPU
		{AF9AD49D-EA56-ECC2-BD99-847D672C1EEF}.Release|Any CPU.ActiveCfg = Release|Any CPU
		{AF9AD49D-EA56-ECC2-BD99-847D672C1EEF}.Release|Any CPU.Build.0 = Release|Any CPU
		{4A7C42EE-E48B-9B7D-99CE-82D5221C0990}.Debug|Any CPU.ActiveCfg = Debug|Any CPU
		{4A7C42EE-E48B-9B7D-99CE-82D5221C0990}.Debug|Any CPU.Build.0 = Debug|Any CPU
		{4A7C42EE-E48B-9B7D-99CE-82D5221C0990}.Release|Any CPU.ActiveCfg = Release|Any CPU
		{4A7C42EE-E48B-9B7D-99CE-82D5221C0990}.Release|Any CPU.Build.0 = Release|Any CPU
		{04C7F7AC-43AA-2158-1D03-F50DAF4F8E10}.Debug|Any CPU.ActiveCfg = Debug|Any CPU
		{04C7F7AC-43AA-2158-1D03-F50DAF4F8E10}.Debug|Any CPU.Build.0 = Debug|Any CPU
		{04C7F7AC-43AA-2158-1D03-F50DAF4F8E10}.Release|Any CPU.ActiveCfg = Release|Any CPU
		{04C7F7AC-43AA-2158-1D03-F50DAF4F8E10}.Release|Any CPU.Build.0 = Release|Any CPU
		{6E4BFAAE-CBF9-C23C-E16C-900B86FE07F7}.Debug|Any CPU.ActiveCfg = Debug|Any CPU
		{6E4BFAAE-CBF9-C23C-E16C-900B86FE07F7}.Debug|Any CPU.Build.0 = Debug|Any CPU
		{6E4BFAAE-CBF9-C23C-E16C-900B86FE07F7}.Release|Any CPU.ActiveCfg = Release|Any CPU
		{6E4BFAAE-CBF9-C23C-E16C-900B86FE07F7}.Release|Any CPU.Build.0 = Release|Any CPU
		{1930ED3B-936D-11DA-B827-6BB89DF0716A}.Debug|Any CPU.ActiveCfg = Debug|Any CPU
		{1930ED3B-936D-11DA-B827-6BB89DF0716A}.Debug|Any CPU.Build.0 = Debug|Any CPU
		{1930ED3B-936D-11DA-B827-6BB89DF0716A}.Release|Any CPU.ActiveCfg = Release|Any CPU
		{1930ED3B-936D-11DA-B827-6BB89DF0716A}.Release|Any CPU.Build.0 = Release|Any CPU
		{D2A3867E-C985-7FD3-158A-4495F21C2FE9}.Debug|Any CPU.ActiveCfg = Debug|Any CPU
		{D2A3867E-C985-7FD3-158A-4495F21C2FE9}.Debug|Any CPU.Build.0 = Debug|Any CPU
		{D2A3867E-C985-7FD3-158A-4495F21C2FE9}.Release|Any CPU.ActiveCfg = Release|Any CPU
		{D2A3867E-C985-7FD3-158A-4495F21C2FE9}.Release|Any CPU.Build.0 = Release|Any CPU
		{C788B57E-6094-1178-C68A-74DA2C29A38F}.Debug|Any CPU.ActiveCfg = Debug|Any CPU
		{C788B57E-6094-1178-C68A-74DA2C29A38F}.Debug|Any CPU.Build.0 = Debug|Any CPU
		{C788B57E-6094-1178-C68A-74DA2C29A38F}.Release|Any CPU.ActiveCfg = Release|Any CPU
		{C788B57E-6094-1178-C68A-74DA2C29A38F}.Release|Any CPU.Build.0 = Release|Any CPU
		{AA5C492D-118A-3750-574A-05EF14E7F67B}.Debug|Any CPU.ActiveCfg = Debug|Any CPU
		{AA5C492D-118A-3750-574A-05EF14E7F67B}.Debug|Any CPU.Build.0 = Debug|Any CPU
		{AA5C492D-118A-3750-574A-05EF14E7F67B}.Release|Any CPU.ActiveCfg = Release|Any CPU
		{AA5C492D-118A-3750-574A-05EF14E7F67B}.Release|Any CPU.Build.0 = Release|Any CPU
		{2BB6B51A-28CF-2CA2-6650-FBF8C6FFCD90}.Debug|Any CPU.ActiveCfg = Debug|Any CPU
		{2BB6B51A-28CF-2CA2-6650-FBF8C6FFCD90}.Debug|Any CPU.Build.0 = Debug|Any CPU
		{2BB6B51A-28CF-2CA2-6650-FBF8C6FFCD90}.Release|Any CPU.ActiveCfg = Release|Any CPU
		{2BB6B51A-28CF-2CA2-6650-FBF8C6FFCD90}.Release|Any CPU.Build.0 = Release|Any CPU
		{0AB9EB53-FFCD-4D02-011B-2158200E2F20}.Debug|Any CPU.ActiveCfg = Debug|Any CPU
		{0AB9EB53-FFCD-4D02-011B-2158200E2F20}.Debug|Any CPU.Build.0 = Debug|Any CPU
		{0AB9EB53-FFCD-4D02-011B-2158200E2F20}.Release|Any CPU.ActiveCfg = Release|Any CPU
		{0AB9EB53-FFCD-4D02-011B-2158200E2F20}.Release|Any CPU.Build.0 = Release|Any CPU
		{6AAEB743-76B8-BC3F-D1F9-1E7367178D5E}.Debug|Any CPU.ActiveCfg = Debug|Any CPU
		{6AAEB743-76B8-BC3F-D1F9-1E7367178D5E}.Debug|Any CPU.Build.0 = Debug|Any CPU
		{6AAEB743-76B8-BC3F-D1F9-1E7367178D5E}.Release|Any CPU.ActiveCfg = Release|Any CPU
		{6AAEB743-76B8-BC3F-D1F9-1E7367178D5E}.Release|Any CPU.Build.0 = Release|Any CPU
		{803BD7A8-ED5C-1F02-B259-F9657206049F}.Debug|Any CPU.ActiveCfg = Debug|Any CPU
		{803BD7A8-ED5C-1F02-B259-F9657206049F}.Debug|Any CPU.Build.0 = Debug|Any CPU
		{803BD7A8-ED5C-1F02-B259-F9657206049F}.Release|Any CPU.ActiveCfg = Release|Any CPU
		{803BD7A8-ED5C-1F02-B259-F9657206049F}.Release|Any CPU.Build.0 = Release|Any CPU
		{C419894D-5B45-9A59-968F-A07595E6937F}.Debug|Any CPU.ActiveCfg = Debug|Any CPU
		{C419894D-5B45-9A59-968F-A07595E6937F}.Debug|Any CPU.Build.0 = Debug|Any CPU
		{C419894D-5B45-9A59-968F-A07595E6937F}.Release|Any CPU.ActiveCfg = Release|Any CPU
		{C419894D-5B45-9A59-968F-A07595E6937F}.Release|Any CPU.Build.0 = Release|Any CPU
		{23FD9EA9-CEE2-A3B5-1537-003ABE67EBC6}.Debug|Any CPU.ActiveCfg = Debug|Any CPU
		{23FD9EA9-CEE2-A3B5-1537-003ABE67EBC6}.Debug|Any CPU.Build.0 = Debug|Any CPU
		{23FD9EA9-CEE2-A3B5-1537-003ABE67EBC6}.Release|Any CPU.ActiveCfg = Release|Any CPU
		{23FD9EA9-CEE2-A3B5-1537-003ABE67EBC6}.Release|Any CPU.Build.0 = Release|Any CPU
	EndGlobalSection
	GlobalSection(SolutionProperties) = preSolution
		HideSolutionNode = FALSE
	EndGlobalSection
EndGlobal
